// !$*UTF8*$!
{
	archiveVersion = 1;
	classes = {
	};
	objectVersion = 77;
	objects = {

/* Begin PBXContainerItemProxy section */
		F91D91362DBF13BB00A17583 /* PBXContainerItemProxy */ = {
			isa = PBXContainerItemProxy;
			containerPortal = F91D91172DBF13B900A17583 /* Project object */;
			proxyType = 1;
			remoteGlobalIDString = F91D911E2DBF13B900A17583;
			remoteInfo = "prework-codepath";
		};
		F91D91402DBF13BB00A17583 /* PBXContainerItemProxy */ = {
			isa = PBXContainerItemProxy;
			containerPortal = F91D91172DBF13B900A17583 /* Project object */;
			proxyType = 1;
			remoteGlobalIDString = F91D911E2DBF13B900A17583;
			remoteInfo = "prework-codepath";
		};
/* End PBXContainerItemProxy section */

/* Begin PBXFileReference section */
		F91D911F2DBF13B900A17583 /* prework-codepath.app */ = {isa = PBXFileReference; explicitFileType = wrapper.application; includeInIndex = 0; path = "prework-codepath.app"; sourceTree = BUILT_PRODUCTS_DIR; };
		F91D91352DBF13BB00A17583 /* prework-codepathTests.xctest */ = {isa = PBXFileReference; explicitFileType = wrapper.cfbundle; includeInIndex = 0; path = "prework-codepathTests.xctest"; sourceTree = BUILT_PRODUCTS_DIR; };
		F91D913F2DBF13BB00A17583 /* prework-codepathUITests.xctest */ = {isa = PBXFileReference; explicitFileType = wrapper.cfbundle; includeInIndex = 0; path = "prework-codepathUITests.xctest"; sourceTree = BUILT_PRODUCTS_DIR; };
/* End PBXFileReference section */

/* Begin PBXFileSystemSynchronizedBuildFileExceptionSet section */
		F91D91472DBF13BB00A17583 /* Exceptions for "prework-codepath" folder in "prework-codepath" target */ = {
			isa = PBXFileSystemSynchronizedBuildFileExceptionSet;
			membershipExceptions = (
				Info.plist,
			);
			target = F91D911E2DBF13B900A17583 /* prework-codepath */;
		};
/* End PBXFileSystemSynchronizedBuildFileExceptionSet section */

/* Begin PBXFileSystemSynchronizedRootGroup section */
		F91D91212DBF13B900A17583 /* prework-codepath */ = {
			isa = PBXFileSystemSynchronizedRootGroup;
			exceptions = (
				F91D91472DBF13BB00A17583 /* Exceptions for "prework-codepath" folder in "prework-codepath" target */,
			);
			path = "prework-codepath";
			sourceTree = "<group>";
		};
		F91D91382DBF13BB00A17583 /* prework-codepathTests */ = {
			isa = PBXFileSystemSynchronizedRootGroup;
			path = "prework-codepathTests";
			sourceTree = "<group>";
		};
		F91D91422DBF13BB00A17583 /* prework-codepathUITests */ = {
			isa = PBXFileSystemSynchronizedRootGroup;
			path = "prework-codepathUITests";
			sourceTree = "<group>";
		};
/* End PBXFileSystemSynchronizedRootGroup section */

/* Begin PBXFrameworksBuildPhase section */
		F91D911C2DBF13B900A17583 /* Frameworks */ = {
			isa = PBXFrameworksBuildPhase;
			buildActionMask = 2147483647;
			files = (
			);
			runOnlyForDeploymentPostprocessing = 0;
		};
		F91D91322DBF13BB00A17583 /* Frameworks */ = {
			isa = PBXFrameworksBuildPhase;
			buildActionMask = 2147483647;
			files = (
			);
			runOnlyForDeploymentPostprocessing = 0;
		};
		F91D913C2DBF13BB00A17583 /* Frameworks */ = {
			isa = PBXFrameworksBuildPhase;
			buildActionMask = 2147483647;
			files = (
			);
			runOnlyForDeploymentPostprocessing = 0;
		};
/* End PBXFrameworksBuildPhase section */

/* Begin PBXGroup section */
		F91D91162DBF13B900A17583 = {
			isa = PBXGroup;
			children = (
				F91D91212DBF13B900A17583 /* prework-codepath */,
				F91D91382DBF13BB00A17583 /* prework-codepathTests */,
				F91D91422DBF13BB00A17583 /* prework-codepathUITests */,
				F91D91202DBF13B900A17583 /* Products */,
			);
			sourceTree = "<group>";
		};
		F91D91202DBF13B900A17583 /* Products */ = {
			isa = PBXGroup;
			children = (
				F91D911F2DBF13B900A17583 /* prework-codepath.app */,
				F91D91352DBF13BB00A17583 /* prework-codepathTests.xctest */,
				F91D913F2DBF13BB00A17583 /* prework-codepathUITests.xctest */,
			);
			name = Products;
			sourceTree = "<group>";
		};
/* End PBXGroup section */

/* Begin PBXNativeTarget section */
		F91D911E2DBF13B900A17583 /* prework-codepath */ = {
			isa = PBXNativeTarget;
			buildConfigurationList = F91D91482DBF13BB00A17583 /* Build configuration list for PBXNativeTarget "prework-codepath" */;
			buildPhases = (
				F91D911B2DBF13B900A17583 /* Sources */,
				F91D911C2DBF13B900A17583 /* Frameworks */,
				F91D911D2DBF13B900A17583 /* Resources */,
			);
			buildRules = (
			);
			dependencies = (
			);
			fileSystemSynchronizedGroups = (
				F91D91212DBF13B900A17583 /* prework-codepath */,
			);
			name = "prework-codepath";
			packageProductDependencies = (
			);
			productName = "prework-codepath";
			productReference = F91D911F2DBF13B900A17583 /* prework-codepath.app */;
			productType = "com.apple.product-type.application";
		};
		F91D91342DBF13BB00A17583 /* prework-codepathTests */ = {
			isa = PBXNativeTarget;
			buildConfigurationList = F91D914D2DBF13BB00A17583 /* Build configuration list for PBXNativeTarget "prework-codepathTests" */;
			buildPhases = (
				F91D91312DBF13BB00A17583 /* Sources */,
				F91D91322DBF13BB00A17583 /* Frameworks */,
				F91D91332DBF13BB00A17583 /* Resources */,
			);
			buildRules = (
			);
			dependencies = (
				F91D91372DBF13BB00A17583 /* PBXTargetDependency */,
			);
			fileSystemSynchronizedGroups = (
				F91D91382DBF13BB00A17583 /* prework-codepathTests */,
			);
			name = "prework-codepathTests";
			packageProductDependencies = (
			);
			productName = "prework-codepathTests";
			productReference = F91D91352DBF13BB00A17583 /* prework-codepathTests.xctest */;
			productType = "com.apple.product-type.bundle.unit-test";
		};
		F91D913E2DBF13BB00A17583 /* prework-codepathUITests */ = {
			isa = PBXNativeTarget;
			buildConfigurationList = F91D91502DBF13BB00A17583 /* Build configuration list for PBXNativeTarget "prework-codepathUITests" */;
			buildPhases = (
				F91D913B2DBF13BB00A17583 /* Sources */,
				F91D913C2DBF13BB00A17583 /* Frameworks */,
				F91D913D2DBF13BB00A17583 /* Resources */,
			);
			buildRules = (
			);
			dependencies = (
				F91D91412DBF13BB00A17583 /* PBXTargetDependency */,
			);
			fileSystemSynchronizedGroups = (
				F91D91422DBF13BB00A17583 /* prework-codepathUITests */,
			);
			name = "prework-codepathUITests";
			packageProductDependencies = (
			);
			productName = "prework-codepathUITests";
			productReference = F91D913F2DBF13BB00A17583 /* prework-codepathUITests.xctest */;
			productType = "com.apple.product-type.bundle.ui-testing";
		};
/* End PBXNativeTarget section */

/* Begin PBXProject section */
		F91D91172DBF13B900A17583 /* Project object */ = {
			isa = PBXProject;
			attributes = {
				BuildIndependentTargetsInParallel = 1;
				LastSwiftUpdateCheck = 1630;
				LastUpgradeCheck = 1630;
				TargetAttributes = {
					F91D911E2DBF13B900A17583 = {
						CreatedOnToolsVersion = 16.3;
					};
					F91D91342DBF13BB00A17583 = {
						CreatedOnToolsVersion = 16.3;
						TestTargetID = F91D911E2DBF13B900A17583;
					};
					F91D913E2DBF13BB00A17583 = {
						CreatedOnToolsVersion = 16.3;
						TestTargetID = F91D911E2DBF13B900A17583;
					};
				};
			};
			buildConfigurationList = F91D911A2DBF13B900A17583 /* Build configuration list for PBXProject "prework-codepath" */;
			developmentRegion = en;
			hasScannedForEncodings = 0;
			knownRegions = (
				en,
				Base,
			);
			mainGroup = F91D91162DBF13B900A17583;
			minimizedProjectReferenceProxies = 1;
			preferredProjectObjectVersion = 77;
			productRefGroup = F91D91202DBF13B900A17583 /* Products */;
			projectDirPath = "";
			projectRoot = "";
			targets = (
				F91D911E2DBF13B900A17583 /* prework-codepath */,
				F91D91342DBF13BB00A17583 /* prework-codepathTests */,
				F91D913E2DBF13BB00A17583 /* prework-codepathUITests */,
			);
		};
/* End PBXProject section */

/* Begin PBXResourcesBuildPhase section */
		F91D911D2DBF13B900A17583 /* Resources */ = {
			isa = PBXResourcesBuildPhase;
			buildActionMask = 2147483647;
			files = (
			);
			runOnlyForDeploymentPostprocessing = 0;
		};
		F91D91332DBF13BB00A17583 /* Resources */ = {
			isa = PBXResourcesBuildPhase;
			buildActionMask = 2147483647;
			files = (
			);
			runOnlyForDeploymentPostprocessing = 0;
		};
		F91D913D2DBF13BB00A17583 /* Resources */ = {
			isa = PBXResourcesBuildPhase;
			buildActionMask = 2147483647;
			files = (
			);
			runOnlyForDeploymentPostprocessing = 0;
		};
/* End PBXResourcesBuildPhase section */

/* Begin PBXSourcesBuildPhase section */
		F91D911B2DBF13B900A17583 /* Sources */ = {
			isa = PBXSourcesBuildPhase;
			buildActionMask = 2147483647;
			files = (
			);
			runOnlyForDeploymentPostprocessing = 0;
		};
		F91D91312DBF13BB00A17583 /* Sources */ = {
			isa = PBXSourcesBuildPhase;
			buildActionMask = 2147483647;
			files = (
			);
			runOnlyForDeploymentPostprocessing = 0;
		};
		F91D913B2DBF13BB00A17583 /* Sources */ = {
			isa = PBXSourcesBuildPhase;
			buildActionMask = 2147483647;
			files = (
			);
			runOnlyForDeploymentPostprocessing = 0;
		};
/* End PBXSourcesBuildPhase section */

/* Begin PBXTargetDependency section */
		F91D91372DBF13BB00A17583 /* PBXTargetDependency */ = {
			isa = PBXTargetDependency;
			target = F91D911E2DBF13B900A17583 /* prework-codepath */;
			targetProxy = F91D91362DBF13BB00A17583 /* PBXContainerItemProxy */;
		};
		F91D91412DBF13BB00A17583 /* PBXTargetDependency */ = {
			isa = PBXTargetDependency;
			target = F91D911E2DBF13B900A17583 /* prework-codepath */;
			targetProxy = F91D91402DBF13BB00A17583 /* PBXContainerItemProxy */;
		};
/* End PBXTargetDependency section */

/* Begin XCBuildConfiguration section */
		F91D91492DBF13BB00A17583 /* Debug */ = {
			isa = XCBuildConfiguration;
			buildSettings = {
				ASSETCATALOG_COMPILER_APPICON_NAME = AppIcon;
				ASSETCATALOG_COMPILER_GLOBAL_ACCENT_COLOR_NAME = AccentColor;
				CODE_SIGN_STYLE = Automatic;
				CURRENT_PROJECT_VERSION = 1;
				GENERATE_INFOPLIST_FILE = YES;
				INFOPLIST_FILE = "prework-codepath/Info.plist";
				INFOPLIST_KEY_UIApplicationSupportsIndirectInputEvents = YES;
				INFOPLIST_KEY_UILaunchStoryboardName = LaunchScreen;
				INFOPLIST_KEY_UIMainStoryboardFile = Main;
				INFOPLIST_KEY_UISupportedInterfaceOrientations_iPad = "UIInterfaceOrientationPortrait UIInterfaceOrientationPortraitUpsideDown UIInterfaceOrientationLandscapeLeft UIInterfaceOrientationLandscapeRight";
				INFOPLIST_KEY_UISupportedInterfaceOrientations_iPhone = "UIInterfaceOrientationPortrait UIInterfaceOrientationLandscapeLeft UIInterfaceOrientationLandscapeRight";
				LD_RUNPATH_SEARCH_PATHS = (
					"$(inherited)",
					"@executable_path/Frameworks",
				);
				MARKETING_VERSION = 1.0;
				PRODUCT_BUNDLE_IDENTIFIER = "codepath.prework-codepath";
				PRODUCT_NAME = "$(TARGET_NAME)";
				SWIFT_EMIT_LOC_STRINGS = YES;
				SWIFT_VERSION = 5.0;
				TARGETED_DEVICE_FAMILY = "1,2";
			};
			name = Debug;
		};
		F91D914A2DBF13BB00A17583 /* Release */ = {
			isa = XCBuildConfiguration;
			buildSettings = {
				ASSETCATALOG_COMPILER_APPICON_NAME = AppIcon;
				ASSETCATALOG_COMPILER_GLOBAL_ACCENT_COLOR_NAME = AccentColor;
				CODE_SIGN_STYLE = Automatic;
				CURRENT_PROJECT_VERSION = 1;
				GENERATE_INFOPLIST_FILE = YES;
				INFOPLIST_FILE = "prework-codepath/Info.plist";
				INFOPLIST_KEY_UIApplicationSupportsIndirectInputEvents = YES;
				INFOPLIST_KEY_UILaunchStoryboardName = LaunchScreen;
				INFOPLIST_KEY_UIMainStoryboardFile = Main;
				INFOPLIST_KEY_UISupportedInterfaceOrientations_iPad = "UIInterfaceOrientationPortrait UIInterfaceOrientationPortraitUpsideDown UIInterfaceOrientationLandscapeLeft UIInterfaceOrientationLandscapeRight";
				INFOPLIST_KEY_UISupportedInterfaceOrientations_iPhone = "UIInterfaceOrientationPortrait UIInterfaceOrientationLandscapeLeft UIInterfaceOrientationLandscapeRight";
				LD_RUNPATH_SEARCH_PATHS = (
					"$(inherited)",
					"@executable_path/Frameworks",
				);
				MARKETING_VERSION = 1.0;
				PRODUCT_BUNDLE_IDENTIFIER = "codepath.prework-codepath";
				PRODUCT_NAME = "$(TARGET_NAME)";
				SWIFT_EMIT_LOC_STRINGS = YES;
				SWIFT_VERSION = 5.0;
				TARGETED_DEVICE_FAMILY = "1,2";
			};
			name = Release;
		};
		F91D914B2DBF13BB00A17583 /* Debug */ = {
			isa = XCBuildConfiguration;
			buildSettings = {
				ALWAYS_SEARCH_USER_PATHS = NO;
				ASSETCATALOG_COMPILER_GENERATE_SWIFT_ASSET_SYMBOL_EXTENSIONS = YES;
				CLANG_ANALYZER_NONNULL = YES;
				CLANG_ANALYZER_NUMBER_OBJECT_CONVERSION = YES_AGGRESSIVE;
				CLANG_CXX_LANGUAGE_STANDARD = "gnu++20";
				CLANG_ENABLE_MODULES = YES;
				CLANG_ENABLE_OBJC_ARC = YES;
				CLANG_ENABLE_OBJC_WEAK = YES;
				CLANG_WARN_BLOCK_CAPTURE_AUTORELEASING = YES;
				CLANG_WARN_BOOL_CONVERSION = YES;
				CLANG_WARN_COMMA = YES;
				CLANG_WARN_CONSTANT_CONVERSION = YES;
				CLANG_WARN_DEPRECATED_OBJC_IMPLEMENTATIONS = YES;
				CLANG_WARN_DIRECT_OBJC_ISA_USAGE = YES_ERROR;
				CLANG_WARN_DOCUMENTATION_COMMENTS = YES;
				CLANG_WARN_EMPTY_BODY = YES;
				CLANG_WARN_ENUM_CONVERSION = YES;
				CLANG_WARN_INFINITE_RECURSION = YES;
				CLANG_WARN_INT_CONVERSION = YES;
				CLANG_WARN_NON_LITERAL_NULL_CONVERSION = YES;
				CLANG_WARN_OBJC_IMPLICIT_RETAIN_SELF = YES;
				CLANG_WARN_OBJC_LITERAL_CONVERSION = YES;
				CLANG_WARN_OBJC_ROOT_CLASS = YES_ERROR;
				CLANG_WARN_QUOTED_INCLUDE_IN_FRAMEWORK_HEADER = YES;
				CLANG_WARN_RANGE_LOOP_ANALYSIS = YES;
				CLANG_WARN_STRICT_PROTOTYPES = YES;
				CLANG_WARN_SUSPICIOUS_MOVE = YES;
				CLANG_WARN_UNGUARDED_AVAILABILITY = YES_AGGRESSIVE;
				CLANG_WARN_UNREACHABLE_CODE = YES;
				CLANG_WARN__DUPLICATE_METHOD_MATCH = YES;
				COPY_PHASE_STRIP = NO;
				DEBUG_INFORMATION_FORMAT = dwarf;
				ENABLE_STRICT_OBJC_MSGSEND = YES;
				ENABLE_TESTABILITY = YES;
				ENABLE_USER_SCRIPT_SANDBOXING = YES;
				GCC_C_LANGUAGE_STANDARD = gnu17;
				GCC_DYNAMIC_NO_PIC = NO;
				GCC_NO_COMMON_BLOCKS = YES;
				GCC_OPTIMIZATION_LEVEL = 0;
				GCC_PREPROCESSOR_DEFINITIONS = (
					"DEBUG=1",
					"$(inherited)",
				);
				GCC_WARN_64_TO_32_BIT_CONVERSION = YES;
				GCC_WARN_ABOUT_RETURN_TYPE = YES_ERROR;
				GCC_WARN_UNDECLARED_SELECTOR = YES;
				GCC_WARN_UNINITIALIZED_AUTOS = YES_AGGRESSIVE;
				GCC_WARN_UNUSED_FUNCTION = YES;
				GCC_WARN_UNUSED_VARIABLE = YES;
				IPHONEOS_DEPLOYMENT_TARGET = 18.4;
				LOCALIZATION_PREFERS_STRING_CATALOGS = YES;
				MTL_ENABLE_DEBUG_INFO = INCLUDE_SOURCE;
				MTL_FAST_MATH = YES;
				ONLY_ACTIVE_ARCH = YES;
				SDKROOT = iphoneos;
				SWIFT_ACTIVE_COMPILATION_CONDITIONS = "DEBUG $(inherited)";
				SWIFT_OPTIMIZATION_LEVEL = "-Onone";
			};
			name = Debug;
		};
		F91D914C2DBF13BB00A17583 /* Release */ = {
			isa = XCBuildConfiguration;
			buildSettings = {
				ALWAYS_SEARCH_USER_PATHS = NO;
				ASSETCATALOG_COMPILER_GENERATE_SWIFT_ASSET_SYMBOL_EXTENSIONS = YES;
				CLANG_ANALYZER_NONNULL = YES;
				CLANG_ANALYZER_NUMBER_OBJECT_CONVERSION = YES_AGGRESSIVE;
				CLANG_CXX_LANGUAGE_STANDARD = "gnu++20";
				CLANG_ENABLE_MODULES = YES;
				CLANG_ENABLE_OBJC_ARC = YES;
				CLANG_ENABLE_OBJC_WEAK = YES;
				CLANG_WARN_BLOCK_CAPTURE_AUTORELEASING = YES;
				CLANG_WARN_BOOL_CONVERSION = YES;
				CLANG_WARN_COMMA = YES;
				CLANG_WARN_CONSTANT_CONVERSION = YES;
				CLANG_WARN_DEPRECATED_OBJC_IMPLEMENTATIONS = YES;
				CLANG_WARN_DIRECT_OBJC_ISA_USAGE = YES_ERROR;
				CLANG_WARN_DOCUMENTATION_COMMENTS = YES;
				CLANG_WARN_EMPTY_BODY = YES;
				CLANG_WARN_ENUM_CONVERSION = YES;
				CLANG_WARN_INFINITE_RECURSION = YES;
				CLANG_WARN_INT_CONVERSION = YES;
				CLANG_WARN_NON_LITERAL_NULL_CONVERSION = YES;
				CLANG_WARN_OBJC_IMPLICIT_RETAIN_SELF = YES;
				CLANG_WARN_OBJC_LITERAL_CONVERSION = YES;
				CLANG_WARN_OBJC_ROOT_CLASS = YES_ERROR;
				CLANG_WARN_QUOTED_INCLUDE_IN_FRAMEWORK_HEADER = YES;
				CLANG_WARN_RANGE_LOOP_ANALYSIS = YES;
				CLANG_WARN_STRICT_PROTOTYPES = YES;
				CLANG_WARN_SUSPICIOUS_MOVE = YES;
				CLANG_WARN_UNGUARDED_AVAILABILITY = YES_AGGRESSIVE;
				CLANG_WARN_UNREACHABLE_CODE = YES;
				CLANG_WARN__DUPLICATE_METHOD_MATCH = YES;
				COPY_PHASE_STRIP = NO;
				DEBUG_INFORMATION_FORMAT = "dwarf-with-dsym";
				ENABLE_NS_ASSERTIONS = NO;
				ENABLE_STRICT_OBJC_MSGSEND = YES;
				ENABLE_USER_SCRIPT_SANDBOXING = YES;
				GCC_C_LANGUAGE_STANDARD = gnu17;
				GCC_NO_COMMON_BLOCKS = YES;
				GCC_WARN_64_TO_32_BIT_CONVERSION = YES;
				GCC_WARN_ABOUT_RETURN_TYPE = YES_ERROR;
				GCC_WARN_UNDECLARED_SELECTOR = YES;
				GCC_WARN_UNINITIALIZED_AUTOS = YES_AGGRESSIVE;
				GCC_WARN_UNUSED_FUNCTION = YES;
				GCC_WARN_UNUSED_VARIABLE = YES;
				IPHONEOS_DEPLOYMENT_TARGET = 18.4;
				LOCALIZATION_PREFERS_STRING_CATALOGS = YES;
				MTL_ENABLE_DEBUG_INFO = NO;
				MTL_FAST_MATH = YES;
				SDKROOT = iphoneos;
				SWIFT_COMPILATION_MODE = wholemodule;
				VALIDATE_PRODUCT = YES;
			};
			name = Release;
		};
		F91D914E2DBF13BB00A17583 /* Debug */ = {
			isa = XCBuildConfiguration;
			buildSettings = {
				BUNDLE_LOADER = "$(TEST_HOST)";
				CODE_SIGN_STYLE = Automatic;
				CURRENT_PROJECT_VERSION = 1;
				GENERATE_INFOPLIST_FILE = YES;
				IPHONEOS_DEPLOYMENT_TARGET = 18.4;
				MARKETING_VERSION = 1.0;
				PRODUCT_BUNDLE_IDENTIFIER = "codepath.prework-codepathTests";
				PRODUCT_NAME = "$(TARGET_NAME)";
				SWIFT_EMIT_LOC_STRINGS = NO;
				SWIFT_VERSION = 5.0;
				TARGETED_DEVICE_FAMILY = "1,2";
				TEST_HOST = "$(BUILT_PRODUCTS_DIR)/prework-codepath.app/$(BUNDLE_EXECUTABLE_FOLDER_PATH)/prework-codepath";
			};
			name = Debug;
		};
		F91D914F2DBF13BB00A17583 /* Release */ = {
			isa = XCBuildConfiguration;
			buildSettings = {
				BUNDLE_LOADER = "$(TEST_HOST)";
				CODE_SIGN_STYLE = Automatic;
				CURRENT_PROJECT_VERSION = 1;
				GENERATE_INFOPLIST_FILE = YES;
				IPHONEOS_DEPLOYMENT_TARGET = 18.4;
				MARKETING_VERSION = 1.0;
				PRODUCT_BUNDLE_IDENTIFIER = "codepath.prework-codepathTests";
				PRODUCT_NAME = "$(TARGET_NAME)";
				SWIFT_EMIT_LOC_STRINGS = NO;
				SWIFT_VERSION = 5.0;
				TARGETED_DEVICE_FAMILY = "1,2";
				TEST_HOST = "$(BUILT_PRODUCTS_DIR)/prework-codepath.app/$(BUNDLE_EXECUTABLE_FOLDER_PATH)/prework-codepath";
			};
			name = Release;
		};
		F91D91512DBF13BB00A17583 /* Debug */ = {
			isa = XCBuildConfiguration;
			buildSettings = {
				CODE_SIGN_STYLE = Automatic;
				CURRENT_PROJECT_VERSION = 1;
				GENERATE_INFOPLIST_FILE = YES;
				MARKETING_VERSION = 1.0;
				PRODUCT_BUNDLE_IDENTIFIER = "codepath.prework-codepathUITests";
				PRODUCT_NAME = "$(TARGET_NAME)";
				SWIFT_EMIT_LOC_STRINGS = NO;
				SWIFT_VERSION = 5.0;
				TARGETED_DEVICE_FAMILY = "1,2";
				TEST_TARGET_NAME = "prework-codepath";
			};
			name = Debug;
		};
		F91D91522DBF13BB00A17583 /* Release */ = {
			isa = XCBuildConfiguration;
			buildSettings = {
				CODE_SIGN_STYLE = Automatic;
				CURRENT_PROJECT_VERSION = 1;
				GENERATE_INFOPLIST_FILE = YES;
				MARKETING_VERSION = 1.0;
				PRODUCT_BUNDLE_IDENTIFIER = "codepath.prework-codepathUITests";
				PRODUCT_NAME = "$(TARGET_NAME)";
				SWIFT_EMIT_LOC_STRINGS = NO;
				SWIFT_VERSION = 5.0;
				TARGETED_DEVICE_FAMILY = "1,2";
				TEST_TARGET_NAME = "prework-codepath";
			};
			name = Release;
		};
/* End XCBuildConfiguration section */

/* Begin XCConfigurationList section */
		F91D911A2DBF13B900A17583 /* Build configuration list for PBXProject "prework-codepath" */ = {
			isa = XCConfigurationList;
			buildConfigurations = (
				F91D914B2DBF13BB00A17583 /* Debug */,
				F91D914C2DBF13BB00A17583 /* Release */,
			);
			defaultConfigurationIsVisible = 0;
			defaultConfigurationName = Release;
		};
		F91D91482DBF13BB00A17583 /* Build configuration list for PBXNativeTarget "prework-codepath" */ = {
			isa = XCConfigurationList;
			buildConfigurations = (
				F91D91492DBF13BB00A17583 /* Debug */,
				F91D914A2DBF13BB00A17583 /* Release */,
			);
			defaultConfigurationIsVisible = 0;
			defaultConfigurationName = Release;
		};
		F91D914D2DBF13BB00A17583 /* Build configuration list for PBXNativeTarget "prework-codepathTests" */ = {
			isa = XCConfigurationList;
			buildConfigurations = (
				F91D914E2DBF13BB00A17583 /* Debug */,
				F91D914F2DBF13BB00A17583 /* Release */,
			);
			defaultConfigurationIsVisible = 0;
			defaultConfigurationName = Release;
		};
		F91D91502DBF13BB00A17583 /* Build configuration list for PBXNativeTarget "prework-codepathUITests" */ = {
			isa = XCConfigurationList;
			buildConfigurations = (
				F91D91512DBF13BB00A17583 /* Debug */,
				F91D91522DBF13BB00A17583 /* Release */,
			);
			defaultConfigurationIsVisible = 0;
			defaultConfigurationName = Release;
		};
/* End XCConfigurationList section */
	};
	rootObject = F91D91172DBF13B900A17583 /* Project object */;
}
